// !$*UTF8*$!
{
	archiveVersion = 1;
	classes = {
	};
	objectVersion = 46;
	objects = {

/* Begin PBXBuildFile section */
		3D4C53E21F38972600EDA4DC /* AppDelegate.swift in Sources */ = {isa = PBXBuildFile; fileRef = 3D4C53E11F38972600EDA4DC /* AppDelegate.swift */; };
		3D4C53E41F38972600EDA4DC /* ViewController.swift in Sources */ = {isa = PBXBuildFile; fileRef = 3D4C53E31F38972600EDA4DC /* ViewController.swift */; };
		3D4C53E71F38972600EDA4DC /* Main.storyboard in Resources */ = {isa = PBXBuildFile; fileRef = 3D4C53E51F38972600EDA4DC /* Main.storyboard */; };
		3D4C53EA1F38972600EDA4DC /* cdDemo.xcdatamodeld in Sources */ = {isa = PBXBuildFile; fileRef = 3D4C53E81F38972600EDA4DC /* cdDemo.xcdatamodeld */; };
		3D4C53EC1F38972600EDA4DC /* Assets.xcassets in Resources */ = {isa = PBXBuildFile; fileRef = 3D4C53EB1F38972600EDA4DC /* Assets.xcassets */; };
		3D4C53EF1F38972600EDA4DC /* LaunchScreen.storyboard in Resources */ = {isa = PBXBuildFile; fileRef = 3D4C53ED1F38972600EDA4DC /* LaunchScreen.storyboard */; };
/* End PBXBuildFile section */

/* Begin PBXFileReference section */
		3D4C53DE1F38972600EDA4DC /* cdDemo.app */ = {isa = PBXFileReference; explicitFileType = wrapper.application; includeInIndex = 0; path = cdDemo.app; sourceTree = BUILT_PRODUCTS_DIR; };
		3D4C53E11F38972600EDA4DC /* AppDelegate.swift */ = {isa = PBXFileReference; lastKnownFileType = sourcecode.swift; path = AppDelegate.swift; sourceTree = "<group>"; };
		3D4C53E31F38972600EDA4DC /* ViewController.swift */ = {isa = PBXFileReference; lastKnownFileType = sourcecode.swift; path = ViewController.swift; sourceTree = "<group>"; };
		3D4C53E61F38972600EDA4DC /* Base */ = {isa = PBXFileReference; lastKnownFileType = file.storyboard; name = Base; path = Base.lproj/Main.storyboard; sourceTree = "<group>"; };
		3D4C53E91F38972600EDA4DC /* cdDemo.xcdatamodel */ = {isa = PBXFileReference; lastKnownFileType = wrapper.xcdatamodel; path = cdDemo.xcdatamodel; sourceTree = "<group>"; };
		3D4C53EB1F38972600EDA4DC /* Assets.xcassets */ = {isa = PBXFileReference; lastKnownFileType = folder.assetcatalog; path = Assets.xcassets; sourceTree = "<group>"; };
		3D4C53EE1F38972600EDA4DC /* Base */ = {isa = PBXFileReference; lastKnownFileType = file.storyboard; name = Base; path = Base.lproj/LaunchScreen.storyboard; sourceTree = "<group>"; };
		3D4C53F01F38972600EDA4DC /* Info.plist */ = {isa = PBXFileReference; lastKnownFileType = text.plist.xml; path = Info.plist; sourceTree = "<group>"; };
/* End PBXFileReference section */

/* Begin PBXFrameworksBuildPhase section */
		3D4C53DB1F38972600EDA4DC /* Frameworks */ = {
			isa = PBXFrameworksBuildPhase;
			buildActionMask = 2147483647;
			files = (
			);
			runOnlyForDeploymentPostprocessing = 0;
		};
/* End PBXFrameworksBuildPhase section */

/* Begin PBXGroup section */
		3D4C53D51F38972600EDA4DC = {
			isa = PBXGroup;
			children = (
				3D4C53E01F38972600EDA4DC /* cdDemo */,
				3D4C53DF1F38972600EDA4DC /* Products */,
			);
			sourceTree = "<group>";
		};
		3D4C53DF1F38972600EDA4DC /* Products */ = {
			isa = PBXGroup;
			children = (
				3D4C53DE1F38972600EDA4DC /* cdDemo.app */,
			);
			name = Products;
			sourceTree = "<group>";
		};
		3D4C53E01F38972600EDA4DC /* cdDemo */ = {
			isa = PBXGroup;
			children = (
				3D4C53E11F38972600EDA4DC /* AppDelegate.swift */,
				3D4C53E31F38972600EDA4DC /* ViewController.swift */,
				3D4C53E51F38972600EDA4DC /* Main.storyboard */,
				3D4C53EB1F38972600EDA4DC /* Assets.xcassets */,
				3D4C53ED1F38972600EDA4DC /* LaunchScreen.storyboard */,
				3D4C53F01F38972600EDA4DC /* Info.plist */,
				3D4C53E81F38972600EDA4DC /* cdDemo.xcdatamodeld */,
			);
			path = cdDemo;
			sourceTree = "<group>";
		};
/* End PBXGroup section */

/* Begin PBXNativeTarget section */
		3D4C53DD1F38972600EDA4DC /* cdDemo */ = {
			isa = PBXNativeTarget;
			buildConfigurationList = 3D4C53F31F38972600EDA4DC /* Build configuration list for PBXNativeTarget "cdDemo" */;
			buildPhases = (
				3D4C53DA1F38972600EDA4DC /* Sources */,
				3D4C53DB1F38972600EDA4DC /* Frameworks */,
				3D4C53DC1F38972600EDA4DC /* Resources */,
			);
			buildRules = (
			);
			dependencies = (
			);
			name = cdDemo;
			productName = cdDemo;
			productReference = 3D4C53DE1F38972600EDA4DC /* cdDemo.app */;
			productType = "com.apple.product-type.application";
		};
/* End PBXNativeTarget section */

/* Begin PBXProject section */
		3D4C53D61F38972600EDA4DC /* Project object */ = {
			isa = PBXProject;
			attributes = {
				LastSwiftUpdateCheck = 0830;
				LastUpgradeCheck = 0830;
				ORGANIZATIONNAME = "West Kraemer";
				TargetAttributes = {
					3D4C53DD1F38972600EDA4DC = {
						CreatedOnToolsVersion = 8.3.3;
						ProvisioningStyle = Automatic;
					};
				};
			};
			buildConfigurationList = 3D4C53D91F38972600EDA4DC /* Build configuration list for PBXProject "cdDemo" */;
			compatibilityVersion = "Xcode 3.2";
			developmentRegion = English;
			hasScannedForEncodings = 0;
			knownRegions = (
				en,
				Base,
			);
			mainGroup = 3D4C53D51F38972600EDA4DC;
			productRefGroup = 3D4C53DF1F38972600EDA4DC /* Products */;
			projectDirPath = "";
			projectRoot = "";
			targets = (
				3D4C53DD1F38972600EDA4DC /* cdDemo */,
			);
		};
/* End PBXProject section */

/* Begin PBXResourcesBuildPhase section */
		3D4C53DC1F38972600EDA4DC /* Resources */ = {
			isa = PBXResourcesBuildPhase;
			buildActionMask = 2147483647;
			files = (
				3D4C53EF1F38972600EDA4DC /* LaunchScreen.storyboard in Resources */,
				3D4C53EC1F38972600EDA4DC /* Assets.xcassets in Resources */,
				3D4C53E71F38972600EDA4DC /* Main.storyboard in Resources */,
			);
			runOnlyForDeploymentPostprocessing = 0;
		};
/* End PBXResourcesBuildPhase section */

/* Begin PBXSourcesBuildPhase section */
		3D4C53DA1F38972600EDA4DC /* Sources */ = {
			isa = PBXSourcesBuildPhase;
			buildActionMask = 2147483647;
			files = (
				3D4C53EA1F38972600EDA4DC /* cdDemo.xcdatamodeld in Sources */,
				3D4C53E41F38972600EDA4DC /* ViewController.swift in Sources */,
				3D4C53E21F38972600EDA4DC /* AppDelegate.swift in Sources */,
			);
			runOnlyForDeploymentPostprocessing = 0;
		};
/* End PBXSourcesBuildPhase section */

/* Begin PBXVariantGroup section */
		3D4C53E51F38972600EDA4DC /* Main.storyboard */ = {
			isa = PBXVariantGroup;
			children = (
				3D4C53E61F38972600EDA4DC /* Base */,
			);
			name = Main.storyboard;
			sourceTree = "<group>";
		};
		3D4C53ED1F38972600EDA4DC /* LaunchScreen.storyboard */ = {
			isa = PBXVariantGroup;
			children = (
				3D4C53EE1F38972600EDA4DC /* Base */,
			);
			name = LaunchScreen.storyboard;
			sourceTree = "<group>";
		};
/* End PBXVariantGroup section */

/* Begin XCBuildConfiguration section */
		3D4C53F11F38972600EDA4DC /* Debug */ = {
			isa = XCBuildConfiguration;
			buildSettings = {
				ALWAYS_SEARCH_USER_PATHS = NO;
				CLANG_ANALYZER_NONNULL = YES;
				CLANG_ANALYZER_NUMBER_OBJECT_CONVERSION = YES_AGGRESSIVE;
				CLANG_CXX_LANGUAGE_STANDARD = "gnu++0x";
				CLANG_CXX_LIBRARY = "libc++";
				CLANG_ENABLE_MODULES = YES;
				CLANG_ENABLE_OBJC_ARC = YES;
				CLANG_WARN_BOOL_CONVERSION = YES;
				CLANG_WARN_CONSTANT_CONVERSION = YES;
				CLANG_WARN_DIRECT_OBJC_ISA_USAGE = YES_ERROR;
				CLANG_WARN_DOCUMENTATION_COMMENTS = YES;
				CLANG_WARN_EMPTY_BODY = YES;
				CLANG_WARN_ENUM_CONVERSION = YES;
				CLANG_WARN_INFINITE_RECURSION = YES;
				CLANG_WARN_INT_CONVERSION = YES;
				CLANG_WARN_OBJC_ROOT_CLASS = YES_ERROR;
				CLANG_WARN_SUSPICIOUS_MOVE = YES;
				CLANG_WARN_UNREACHABLE_CODE = YES;
				CLANG_WARN__DUPLICATE_METHOD_MATCH = YES;
				"CODE_SIGN_IDENTITY[sdk=iphoneos*]" = "iPhone Developer";
				COPY_PHASE_STRIP = NO;
				DEBUG_INFORMATION_FORMAT = dwarf;
				ENABLE_STRICT_OBJC_MSGSEND = YES;
				ENABLE_TESTABILITY = YES;
				GCC_C_LANGUAGE_STANDARD = gnu99;
				GCC_DYNAMIC_NO_PIC = NO;
				GCC_NO_COMMON_BLOCKS = YES;
				GCC_OPTIMIZATION_LEVEL = 0;
				GCC_PREPROCESSOR_DEFINITIONS = (
					"DEBUG=1",
					"$(inherited)",
				);
				GCC_WARN_64_TO_32_BIT_CONVERSION = YES;
				GCC_WARN_ABOUT_RETURN_TYPE = YES_ERROR;
				GCC_WARN_UNDECLARED_SELECTOR = YES;
				GCC_WARN_UNINITIALIZED_AUTOS = YES_AGGRESSIVE;
				GCC_WARN_UNUSED_FUNCTION = YES;
				GCC_WARN_UNUSED_VARIABLE = YES;
				IPHONEOS_DEPLOYMENT_TARGET = 10.3;
				MTL_ENABLE_DEBUG_INFO = YES;
				ONLY_ACTIVE_ARCH = YES;
				SDKROOT = iphoneos;
				SWIFT_ACTIVE_COMPILATION_CONDITIONS = DEBUG;
				SWIFT_OPTIMIZATION_LEVEL = "-Onone";
				TARGETED_DEVICE_FAMILY = "1,2";
			};
			name = Debug;
		};
		3D4C53F21F38972600EDA4DC /* Release */ = {
			isa = XCBuildConfiguration;
			buildSettings = {
				ALWAYS_SEARCH_USER_PATHS = NO;
				CLANG_ANALYZER_NONNULL = YES;
				CLANG_ANALYZER_NUMBER_OBJECT_CONVERSION = YES_AGGRESSIVE;
				CLANG_CXX_LANGUAGE_STANDARD = "gnu++0x";
				CLANG_CXX_LIBRARY = "libc++";
				CLANG_ENABLE_MODULES = YES;
				CLANG_ENABLE_OBJC_ARC = YES;
				CLANG_WARN_BOOL_CONVERSION = YES;
				CLANG_WARN_CONSTANT_CONVERSION = YES;
				CLANG_WARN_DIRECT_OBJC_ISA_USAGE = YES_ERROR;
				CLANG_WARN_DOCUMENTATION_COMMENTS = YES;
				CLANG_WARN_EMPTY_BODY = YES;
				CLANG_WARN_ENUM_CONVERSION = YES;
				CLANG_WARN_INFINITE_RECURSION = YES;
				CLANG_WARN_INT_CONVERSION = YES;
				CLANG_WARN_OBJC_ROOT_CLASS = YES_ERROR;
				CLANG_WARN_SUSPICIOUS_MOVE = YES;
				CLANG_WARN_UNREACHABLE_CODE = YES;
				CLANG_WARN__DUPLICATE_METHOD_MATCH = YES;
				"CODE_SIGN_IDENTITY[sdk=iphoneos*]" = "iPhone Developer";
				COPY_PHASE_STRIP = NO;
				DEBUG_INFORMATION_FORMAT = "dwarf-with-dsym";
				ENABLE_NS_ASSERTIONS = NO;
				ENABLE_STRICT_OBJC_MSGSEND = YES;
				GCC_C_LANGUAGE_STANDARD = gnu99;
				GCC_NO_COMMON_BLOCKS = YES;
				GCC_WARN_64_TO_32_BIT_CONVERSION = YES;
				GCC_WARN_ABOUT_RETURN_TYPE = YES_ERROR;
				GCC_WARN_UNDECLARED_SELECTOR = YES;
				GCC_WARN_UNINITIALIZED_AUTOS = YES_AGGRESSIVE;
				GCC_WARN_UNUSED_FUNCTION = YES;
				GCC_WARN_UNUSED_VARIABLE = YES;
				IPHONEOS_DEPLOYMENT_TARGET = 10.3;
				MTL_ENABLE_DEBUG_INFO = NO;
				SDKROOT = iphoneos;
				SWIFT_OPTIMIZATION_LEVEL = "-Owholemodule";
				TARGETED_DEVICE_FAMILY = "1,2";
				VALIDATE_PRODUCT = YES;
			};
			name = Release;
		};
		3D4C53F41F38972600EDA4DC /* Debug */ = {
			isa = XCBuildConfiguration;
			buildSettings = {
				ASSETCATALOG_COMPILER_APPICON_NAME = AppIcon;
				INFOPLIST_FILE = cdDemo/Info.plist;
				LD_RUNPATH_SEARCH_PATHS = "$(inherited) @executable_path/Frameworks";
				PRODUCT_BUNDLE_IDENTIFIER = west.cdDemo;
				PRODUCT_NAME = "$(TARGET_NAME)";
				SWIFT_VERSION = 3.0;
			};
			name = Debug;
		};
		3D4C53F51F38972600EDA4DC /* Release */ = {
			isa = XCBuildConfiguration;
			buildSettings = {
				ASSETCATALOG_COMPILER_APPICON_NAME = AppIcon;
				INFOPLIST_FILE = cdDemo/Info.plist;
				LD_RUNPATH_SEARCH_PATHS = "$(inherited) @executable_path/Frameworks";
				PRODUCT_BUNDLE_IDENTIFIER = west.cdDemo;
				PRODUCT_NAME = "$(TARGET_NAME)";
				SWIFT_VERSION = 3.0;
			};
			name = Release;
		};
/* End XCBuildConfiguration section */

/* Begin XCConfigurationList section */
		3D4C53D91F38972600EDA4DC /* Build configuration list for PBXProject "cdDemo" */ = {
			isa = XCConfigurationList;
			buildConfigurations = (
				3D4C53F11F38972600EDA4DC /* Debug */,
				3D4C53F21F38972600EDA4DC /* Release */,
			);
			defaultConfigurationIsVisible = 0;
			defaultConfigurationName = Release;
		};
		3D4C53F31F38972600EDA4DC /* Build configuration list for PBXNativeTarget "cdDemo" */ = {
			isa = XCConfigurationList;
			buildConfigurations = (
				3D4C53F41F38972600EDA4DC /* Debug */,
				3D4C53F51F38972600EDA4DC /* Release */,
			);
			defaultConfigurationIsVisible = 0;
		};
/* End XCConfigurationList section */

/* Begin XCVersionGroup section */
		3D4C53E81F38972600EDA4DC /* cdDemo.xcdatamodeld */ = {
			isa = XCVersionGroup;
			children = (
				3D4C53E91F38972600EDA4DC /* cdDemo.xcdatamodel */,
			);
			currentVersion = 3D4C53E91F38972600EDA4DC /* cdDemo.xcdatamodel */;
			path = cdDemo.xcdatamodeld;
			sourceTree = "<group>";
			versionGroupType = wrapper.xcdatamodel;
		};
/* End XCVersionGroup section */
	};
	rootObject = 3D4C53D61F38972600EDA4DC /* Project object */;
}
